
Microsoft Visual Studio Solution File, Format Version 12.00
# Visual Studio Version 17
VisualStudioVersion = 17.8.34309.116
MinimumVisualStudioVersion = 10.0.40219.1
Project("{FAE04EC0-301F-11D3-BF4B-00C04F79EFBC}") = "Software DCMECA", "Software DCMECA\Software DCMECA.csproj", "{D9B7927B-2E08-4AA6-B4C8-8D55ECDFF792}"
EndProject
Global
	GlobalSection(SolutionConfigurationPlatforms) = preSolution
		Debug|Any CPU = Debug|Any CPU
		Release|Any CPU = Release|Any CPU
	EndGlobalSection
	GlobalSection(ProjectConfigurationPlatforms) = postSolution
		{D9B7927B-2E08-4AA6-B4C8-8D55ECDFF792}.Debug|Any CPU.ActiveCfg = Debug|Any CPU
		{D9B7927B-2E08-4AA6-B4C8-8D55ECDFF792}.Debug|Any CPU.Build.0 = Debug|Any CPU
		{D9B7927B-2E08-4AA6-B4C8-8D55ECDFF792}.Release|Any CPU.ActiveCfg = Release|Any CPU
		{D9B7927B-2E08-4AA6-B4C8-8D55ECDFF792}.Release|Any CPU.Build.0 = Release|Any CPU
	EndGlobalSection
	GlobalSection(SolutionProperties) = preSolution
		HideSolutionNode = FALSE
	EndGlobalSection
	GlobalSection(ExtensibilityGlobals) = postSolution
		SolutionGuid = {E675B442-F79A-4505-B642-F9ADF14334EF}
	EndGlobalSection
EndGlobal
